// !$*UTF8*$!
{
	archiveVersion = 1;
	classes = {
	};
	objectVersion = 55;
	objects = {

/* Begin PBXBuildFile section */
		BD19885628A40E0900D2E742 /* AppDelegate.swift in Sources */ = {isa = PBXBuildFile; fileRef = BD19885528A40E0900D2E742 /* AppDelegate.swift */; };
		BD19885828A40E0900D2E742 /* SceneDelegate.swift in Sources */ = {isa = PBXBuildFile; fileRef = BD19885728A40E0900D2E742 /* SceneDelegate.swift */; };
		BD19885A28A40E0900D2E742 /* ViewController.swift in Sources */ = {isa = PBXBuildFile; fileRef = BD19885928A40E0900D2E742 /* ViewController.swift */; };
		BD19885D28A40E0900D2E742 /* Main.storyboard in Resources */ = {isa = PBXBuildFile; fileRef = BD19885B28A40E0900D2E742 /* Main.storyboard */; };
		BD19885F28A40E0C00D2E742 /* Assets.xcassets in Resources */ = {isa = PBXBuildFile; fileRef = BD19885E28A40E0C00D2E742 /* Assets.xcassets */; };
		BD19886228A40E0C00D2E742 /* LaunchScreen.storyboard in Resources */ = {isa = PBXBuildFile; fileRef = BD19886028A40E0C00D2E742 /* LaunchScreen.storyboard */; };
		BD19886D28A40E0C00D2E742 /* introToSwiftTests.swift in Sources */ = {isa = PBXBuildFile; fileRef = BD19886C28A40E0C00D2E742 /* introToSwiftTests.swift */; };
		BD19887728A40E0C00D2E742 /* introToSwiftUITests.swift in Sources */ = {isa = PBXBuildFile; fileRef = BD19887628A40E0C00D2E742 /* introToSwiftUITests.swift */; };
		BD19887928A40E0C00D2E742 /* introToSwiftUITestsLaunchTests.swift in Sources */ = {isa = PBXBuildFile; fileRef = BD19887828A40E0C00D2E742 /* introToSwiftUITestsLaunchTests.swift */; };
/* End PBXBuildFile section */

/* Begin PBXContainerItemProxy section */
		BD19886928A40E0C00D2E742 /* PBXContainerItemProxy */ = {
			isa = PBXContainerItemProxy;
			containerPortal = BD19884A28A40E0900D2E742 /* Project object */;
			proxyType = 1;
			remoteGlobalIDString = BD19885128A40E0900D2E742;
			remoteInfo = introToSwift;
		};
		BD19887328A40E0C00D2E742 /* PBXContainerItemProxy */ = {
			isa = PBXContainerItemProxy;
			containerPortal = BD19884A28A40E0900D2E742 /* Project object */;
			proxyType = 1;
			remoteGlobalIDString = BD19885128A40E0900D2E742;
			remoteInfo = introToSwift;
		};
/* End PBXContainerItemProxy section */

/* Begin PBXFileReference section */
		BD19885228A40E0900D2E742 /* introToSwift.app */ = {isa = PBXFileReference; explicitFileType = wrapper.application; includeInIndex = 0; path = introToSwift.app; sourceTree = BUILT_PRODUCTS_DIR; };
		BD19885528A40E0900D2E742 /* AppDelegate.swift */ = {isa = PBXFileReference; lastKnownFileType = sourcecode.swift; path = AppDelegate.swift; sourceTree = "<group>"; };
		BD19885728A40E0900D2E742 /* SceneDelegate.swift */ = {isa = PBXFileReference; lastKnownFileType = sourcecode.swift; path = SceneDelegate.swift; sourceTree = "<group>"; };
		BD19885928A40E0900D2E742 /* ViewController.swift */ = {isa = PBXFileReference; lastKnownFileType = sourcecode.swift; path = ViewController.swift; sourceTree = "<group>"; };
		BD19885C28A40E0900D2E742 /* Base */ = {isa = PBXFileReference; lastKnownFileType = file.storyboard; name = Base; path = Base.lproj/Main.storyboard; sourceTree = "<group>"; };
		BD19885E28A40E0C00D2E742 /* Assets.xcassets */ = {isa = PBXFileReference; lastKnownFileType = folder.assetcatalog; path = Assets.xcassets; sourceTree = "<group>"; };
		BD19886128A40E0C00D2E742 /* Base */ = {isa = PBXFileReference; lastKnownFileType = file.storyboard; name = Base; path = Base.lproj/LaunchScreen.storyboard; sourceTree = "<group>"; };
		BD19886328A40E0C00D2E742 /* Info.plist */ = {isa = PBXFileReference; lastKnownFileType = text.plist.xml; path = Info.plist; sourceTree = "<group>"; };
		BD19886828A40E0C00D2E742 /* introToSwiftTests.xctest */ = {isa = PBXFileReference; explicitFileType = wrapper.cfbundle; includeInIndex = 0; path = introToSwiftTests.xctest; sourceTree = BUILT_PRODUCTS_DIR; };
		BD19886C28A40E0C00D2E742 /* introToSwiftTests.swift */ = {isa = PBXFileReference; lastKnownFileType = sourcecode.swift; path = introToSwiftTests.swift; sourceTree = "<group>"; };
		BD19887228A40E0C00D2E742 /* introToSwiftUITests.xctest */ = {isa = PBXFileReference; explicitFileType = wrapper.cfbundle; includeInIndex = 0; path = introToSwiftUITests.xctest; sourceTree = BUILT_PRODUCTS_DIR; };
		BD19887628A40E0C00D2E742 /* introToSwiftUITests.swift */ = {isa = PBXFileReference; lastKnownFileType = sourcecode.swift; path = introToSwiftUITests.swift; sourceTree = "<group>"; };
		BD19887828A40E0C00D2E742 /* introToSwiftUITestsLaunchTests.swift */ = {isa = PBXFileReference; lastKnownFileType = sourcecode.swift; path = introToSwiftUITestsLaunchTests.swift; sourceTree = "<group>"; };
/* End PBXFileReference section */

/* Begin PBXFrameworksBuildPhase section */
		BD19884F28A40E0900D2E742 /* Frameworks */ = {
			isa = PBXFrameworksBuildPhase;
			buildActionMask = 2147483647;
			files = (
			);
			runOnlyForDeploymentPostprocessing = 0;
		};
		BD19886528A40E0C00D2E742 /* Frameworks */ = {
			isa = PBXFrameworksBuildPhase;
			buildActionMask = 2147483647;
			files = (
			);
			runOnlyForDeploymentPostprocessing = 0;
		};
		BD19886F28A40E0C00D2E742 /* Frameworks */ = {
			isa = PBXFrameworksBuildPhase;
			buildActionMask = 2147483647;
			files = (
			);
			runOnlyForDeploymentPostprocessing = 0;
		};
/* End PBXFrameworksBuildPhase section */

/* Begin PBXGroup section */
		BD19884928A40E0900D2E742 = {
			isa = PBXGroup;
			children = (
				BD19885428A40E0900D2E742 /* introToSwift */,
				BD19886B28A40E0C00D2E742 /* introToSwiftTests */,
				BD19887528A40E0C00D2E742 /* introToSwiftUITests */,
				BD19885328A40E0900D2E742 /* Products */,
			);
			sourceTree = "<group>";
		};
		BD19885328A40E0900D2E742 /* Products */ = {
			isa = PBXGroup;
			children = (
				BD19885228A40E0900D2E742 /* introToSwift.app */,
				BD19886828A40E0C00D2E742 /* introToSwiftTests.xctest */,
				BD19887228A40E0C00D2E742 /* introToSwiftUITests.xctest */,
			);
			name = Products;
			sourceTree = "<group>";
		};
		BD19885428A40E0900D2E742 /* introToSwift */ = {
			isa = PBXGroup;
			children = (
				BD19885528A40E0900D2E742 /* AppDelegate.swift */,
				BD19885728A40E0900D2E742 /* SceneDelegate.swift */,
				BD19885928A40E0900D2E742 /* ViewController.swift */,
				BD19885B28A40E0900D2E742 /* Main.storyboard */,
				BD19885E28A40E0C00D2E742 /* Assets.xcassets */,
				BD19886028A40E0C00D2E742 /* LaunchScreen.storyboard */,
				BD19886328A40E0C00D2E742 /* Info.plist */,
			);
			path = introToSwift;
			sourceTree = "<group>";
		};
		BD19886B28A40E0C00D2E742 /* introToSwiftTests */ = {
			isa = PBXGroup;
			children = (
				BD19886C28A40E0C00D2E742 /* introToSwiftTests.swift */,
			);
			path = introToSwiftTests;
			sourceTree = "<group>";
		};
		BD19887528A40E0C00D2E742 /* introToSwiftUITests */ = {
			isa = PBXGroup;
			children = (
				BD19887628A40E0C00D2E742 /* introToSwiftUITests.swift */,
				BD19887828A40E0C00D2E742 /* introToSwiftUITestsLaunchTests.swift */,
			);
			path = introToSwiftUITests;
			sourceTree = "<group>";
		};
/* End PBXGroup section */

/* Begin PBXNativeTarget section */
		BD19885128A40E0900D2E742 /* introToSwift */ = {
			isa = PBXNativeTarget;
			buildConfigurationList = BD19887C28A40E0C00D2E742 /* Build configuration list for PBXNativeTarget "introToSwift" */;
			buildPhases = (
				BD19884E28A40E0900D2E742 /* Sources */,
				BD19884F28A40E0900D2E742 /* Frameworks */,
				BD19885028A40E0900D2E742 /* Resources */,
			);
			buildRules = (
			);
			dependencies = (
			);
			name = introToSwift;
			productName = introToSwift;
			productReference = BD19885228A40E0900D2E742 /* introToSwift.app */;
			productType = "com.apple.product-type.application";
		};
		BD19886728A40E0C00D2E742 /* introToSwiftTests */ = {
			isa = PBXNativeTarget;
			buildConfigurationList = BD19887F28A40E0C00D2E742 /* Build configuration list for PBXNativeTarget "introToSwiftTests" */;
			buildPhases = (
				BD19886428A40E0C00D2E742 /* Sources */,
				BD19886528A40E0C00D2E742 /* Frameworks */,
				BD19886628A40E0C00D2E742 /* Resources */,
			);
			buildRules = (
			);
			dependencies = (
				BD19886A28A40E0C00D2E742 /* PBXTargetDependency */,
			);
			name = introToSwiftTests;
			productName = introToSwiftTests;
			productReference = BD19886828A40E0C00D2E742 /* introToSwiftTests.xctest */;
			productType = "com.apple.product-type.bundle.unit-test";
		};
		BD19887128A40E0C00D2E742 /* introToSwiftUITests */ = {
			isa = PBXNativeTarget;
			buildConfigurationList = BD19888228A40E0C00D2E742 /* Build configuration list for PBXNativeTarget "introToSwiftUITests" */;
			buildPhases = (
				BD19886E28A40E0C00D2E742 /* Sources */,
				BD19886F28A40E0C00D2E742 /* Frameworks */,
				BD19887028A40E0C00D2E742 /* Resources */,
			);
			buildRules = (
			);
			dependencies = (
				BD19887428A40E0C00D2E742 /* PBXTargetDependency */,
			);
			name = introToSwiftUITests;
			productName = introToSwiftUITests;
			productReference = BD19887228A40E0C00D2E742 /* introToSwiftUITests.xctest */;
			productType = "com.apple.product-type.bundle.ui-testing";
		};
/* End PBXNativeTarget section */

/* Begin PBXProject section */
		BD19884A28A40E0900D2E742 /* Project object */ = {
			isa = PBXProject;
			attributes = {
				BuildIndependentTargetsInParallel = 1;
				LastSwiftUpdateCheck = 1340;
				LastUpgradeCheck = 1340;
				TargetAttributes = {
					BD19885128A40E0900D2E742 = {
						CreatedOnToolsVersion = 13.4.1;
					};
					BD19886728A40E0C00D2E742 = {
						CreatedOnToolsVersion = 13.4.1;
						TestTargetID = BD19885128A40E0900D2E742;
					};
					BD19887128A40E0C00D2E742 = {
						CreatedOnToolsVersion = 13.4.1;
						TestTargetID = BD19885128A40E0900D2E742;
					};
				};
			};
			buildConfigurationList = BD19884D28A40E0900D2E742 /* Build configuration list for PBXProject "introToSwift" */;
			compatibilityVersion = "Xcode 13.0";
			developmentRegion = en;
			hasScannedForEncodings = 0;
			knownRegions = (
				en,
				Base,
			);
			mainGroup = BD19884928A40E0900D2E742;
			productRefGroup = BD19885328A40E0900D2E742 /* Products */;
			projectDirPath = "";
			projectRoot = "";
			targets = (
				BD19885128A40E0900D2E742 /* introToSwift */,
				BD19886728A40E0C00D2E742 /* introToSwiftTests */,
				BD19887128A40E0C00D2E742 /* introToSwiftUITests */,
			);
		};
/* End PBXProject section */

/* Begin PBXResourcesBuildPhase section */
		BD19885028A40E0900D2E742 /* Resources */ = {
			isa = PBXResourcesBuildPhase;
			buildActionMask = 2147483647;
			files = (
				BD19886228A40E0C00D2E742 /* LaunchScreen.storyboard in Resources */,
				BD19885F28A40E0C00D2E742 /* Assets.xcassets in Resources */,
				BD19885D28A40E0900D2E742 /* Main.storyboard in Resources */,
			);
			runOnlyForDeploymentPostprocessing = 0;
		};
		BD19886628A40E0C00D2E742 /* Resources */ = {
			isa = PBXResourcesBuildPhase;
			buildActionMask = 2147483647;
			files = (
			);
			runOnlyForDeploymentPostprocessing = 0;
		};
		BD19887028A40E0C00D2E742 /* Resources */ = {
			isa = PBXResourcesBuildPhase;
			buildActionMask = 2147483647;
			files = (
			);
			runOnlyForDeploymentPostprocessing = 0;
		};
/* End PBXResourcesBuildPhase section */

/* Begin PBXSourcesBuildPhase section */
		BD19884E28A40E0900D2E742 /* Sources */ = {
			isa = PBXSourcesBuildPhase;
			buildActionMask = 2147483647;
			files = (
				BD19885A28A40E0900D2E742 /* ViewController.swift in Sources */,
				BD19885628A40E0900D2E742 /* AppDelegate.swift in Sources */,
				BD19885828A40E0900D2E742 /* SceneDelegate.swift in Sources */,
			);
			runOnlyForDeploymentPostprocessing = 0;
		};
		BD19886428A40E0C00D2E742 /* Sources */ = {
			isa = PBXSourcesBuildPhase;
			buildActionMask = 2147483647;
			files = (
				BD19886D28A40E0C00D2E742 /* introToSwiftTests.swift in Sources */,
			);
			runOnlyForDeploymentPostprocessing = 0;
		};
		BD19886E28A40E0C00D2E742 /* Sources */ = {
			isa = PBXSourcesBuildPhase;
			buildActionMask = 2147483647;
			files = (
				BD19887928A40E0C00D2E742 /* introToSwiftUITestsLaunchTests.swift in Sources */,
				BD19887728A40E0C00D2E742 /* introToSwiftUITests.swift in Sources */,
			);
			runOnlyForDeploymentPostprocessing = 0;
		};
/* End PBXSourcesBuildPhase section */

/* Begin PBXTargetDependency section */
		BD19886A28A40E0C00D2E742 /* PBXTargetDependency */ = {
			isa = PBXTargetDependency;
			target = BD19885128A40E0900D2E742 /* introToSwift */;
			targetProxy = BD19886928A40E0C00D2E742 /* PBXContainerItemProxy */;
		};
		BD19887428A40E0C00D2E742 /* PBXTargetDependency */ = {
			isa = PBXTargetDependency;
			target = BD19885128A40E0900D2E742 /* introToSwift */;
			targetProxy = BD19887328A40E0C00D2E742 /* PBXContainerItemProxy */;
		};
/* End PBXTargetDependency section */

/* Begin PBXVariantGroup section */
		BD19885B28A40E0900D2E742 /* Main.storyboard */ = {
			isa = PBXVariantGroup;
			children = (
				BD19885C28A40E0900D2E742 /* Base */,
			);
			name = Main.storyboard;
			sourceTree = "<group>";
		};
		BD19886028A40E0C00D2E742 /* LaunchScreen.storyboard */ = {
			isa = PBXVariantGroup;
			children = (
				BD19886128A40E0C00D2E742 /* Base */,
			);
			name = LaunchScreen.storyboard;
			sourceTree = "<group>";
		};
/* End PBXVariantGroup section */

/* Begin XCBuildConfiguration section */
		BD19887A28A40E0C00D2E742 /* Debug */ = {
			isa = XCBuildConfiguration;
			buildSettings = {
				ALWAYS_SEARCH_USER_PATHS = NO;
				CLANG_ANALYZER_NONNULL = YES;
				CLANG_ANALYZER_NUMBER_OBJECT_CONVERSION = YES_AGGRESSIVE;
				CLANG_CXX_LANGUAGE_STANDARD = "gnu++17";
				CLANG_ENABLE_MODULES = YES;
				CLANG_ENABLE_OBJC_ARC = YES;
				CLANG_ENABLE_OBJC_WEAK = YES;
				CLANG_WARN_BLOCK_CAPTURE_AUTORELEASING = YES;
				CLANG_WARN_BOOL_CONVERSION = YES;
				CLANG_WARN_COMMA = YES;
				CLANG_WARN_CONSTANT_CONVERSION = YES;
				CLANG_WARN_DEPRECATED_OBJC_IMPLEMENTATIONS = YES;
				CLANG_WARN_DIRECT_OBJC_ISA_USAGE = YES_ERROR;
				CLANG_WARN_DOCUMENTATION_COMMENTS = YES;
				CLANG_WARN_EMPTY_BODY = YES;
				CLANG_WARN_ENUM_CONVERSION = YES;
				CLANG_WARN_INFINITE_RECURSION = YES;
				CLANG_WARN_INT_CONVERSION = YES;
				CLANG_WARN_NON_LITERAL_NULL_CONVERSION = YES;
				CLANG_WARN_OBJC_IMPLICIT_RETAIN_SELF = YES;
				CLANG_WARN_OBJC_LITERAL_CONVERSION = YES;
				CLANG_WARN_OBJC_ROOT_CLASS = YES_ERROR;
				CLANG_WARN_QUOTED_INCLUDE_IN_FRAMEWORK_HEADER = YES;
				CLANG_WARN_RANGE_LOOP_ANALYSIS = YES;
				CLANG_WARN_STRICT_PROTOTYPES = YES;
				CLANG_WARN_SUSPICIOUS_MOVE = YES;
				CLANG_WARN_UNGUARDED_AVAILABILITY = YES_AGGRESSIVE;
				CLANG_WARN_UNREACHABLE_CODE = YES;
				CLANG_WARN__DUPLICATE_METHOD_MATCH = YES;
				COPY_PHASE_STRIP = NO;
				DEBUG_INFORMATION_FORMAT = dwarf;
				ENABLE_STRICT_OBJC_MSGSEND = YES;
				ENABLE_TESTABILITY = YES;
				GCC_C_LANGUAGE_STANDARD = gnu11;
				GCC_DYNAMIC_NO_PIC = NO;
				GCC_NO_COMMON_BLOCKS = YES;
				GCC_OPTIMIZATION_LEVEL = 0;
				GCC_PREPROCESSOR_DEFINITIONS = (
					"DEBUG=1",
					"$(inherited)",
				);
				GCC_WARN_64_TO_32_BIT_CONVERSION = YES;
				GCC_WARN_ABOUT_RETURN_TYPE = YES_ERROR;
				GCC_WARN_UNDECLARED_SELECTOR = YES;
				GCC_WARN_UNINITIALIZED_AUTOS = YES_AGGRESSIVE;
				GCC_WARN_UNUSED_FUNCTION = YES;
				GCC_WARN_UNUSED_VARIABLE = YES;
				IPHONEOS_DEPLOYMENT_TARGET = 15.5;
				MTL_ENABLE_DEBUG_INFO = INCLUDE_SOURCE;
				MTL_FAST_MATH = YES;
				ONLY_ACTIVE_ARCH = YES;
				SDKROOT = iphoneos;
				SWIFT_ACTIVE_COMPILATION_CONDITIONS = DEBUG;
				SWIFT_OPTIMIZATION_LEVEL = "-Onone";
			};
			name = Debug;
		};
		BD19887B28A40E0C00D2E742 /* Release */ = {
			isa = XCBuildConfiguration;
			buildSettings = {
				ALWAYS_SEARCH_USER_PATHS = NO;
				CLANG_ANALYZER_NONNULL = YES;
				CLANG_ANALYZER_NUMBER_OBJECT_CONVERSION = YES_AGGRESSIVE;
				CLANG_CXX_LANGUAGE_STANDARD = "gnu++17";
				CLANG_ENABLE_MODULES = YES;
				CLANG_ENABLE_OBJC_ARC = YES;
				CLANG_ENABLE_OBJC_WEAK = YES;
				CLANG_WARN_BLOCK_CAPTURE_AUTORELEASING = YES;
				CLANG_WARN_BOOL_CONVERSION = YES;
				CLANG_WARN_COMMA = YES;
				CLANG_WARN_CONSTANT_CONVERSION = YES;
				CLANG_WARN_DEPRECATED_OBJC_IMPLEMENTATIONS = YES;
				CLANG_WARN_DIRECT_OBJC_ISA_USAGE = YES_ERROR;
				CLANG_WARN_DOCUMENTATION_COMMENTS = YES;
				CLANG_WARN_EMPTY_BODY = YES;
				CLANG_WARN_ENUM_CONVERSION = YES;
				CLANG_WARN_INFINITE_RECURSION = YES;
				CLANG_WARN_INT_CONVERSION = YES;
				CLANG_WARN_NON_LITERAL_NULL_CONVERSION = YES;
				CLANG_WARN_OBJC_IMPLICIT_RETAIN_SELF = YES;
				CLANG_WARN_OBJC_LITERAL_CONVERSION = YES;
				CLANG_WARN_OBJC_ROOT_CLASS = YES_ERROR;
				CLANG_WARN_QUOTED_INCLUDE_IN_FRAMEWORK_HEADER = YES;
				CLANG_WARN_RANGE_LOOP_ANALYSIS = YES;
				CLANG_WARN_STRICT_PROTOTYPES = YES;
				CLANG_WARN_SUSPICIOUS_MOVE = YES;
				CLANG_WARN_UNGUARDED_AVAILABILITY = YES_AGGRESSIVE;
				CLANG_WARN_UNREACHABLE_CODE = YES;
				CLANG_WARN__DUPLICATE_METHOD_MATCH = YES;
				COPY_PHASE_STRIP = NO;
				DEBUG_INFORMATION_FORMAT = "dwarf-with-dsym";
				ENABLE_NS_ASSERTIONS = NO;
				ENABLE_STRICT_OBJC_MSGSEND = YES;
				GCC_C_LANGUAGE_STANDARD = gnu11;
				GCC_NO_COMMON_BLOCKS = YES;
				GCC_WARN_64_TO_32_BIT_CONVERSION = YES;
				GCC_WARN_ABOUT_RETURN_TYPE = YES_ERROR;
				GCC_WARN_UNDECLARED_SELECTOR = YES;
				GCC_WARN_UNINITIALIZED_AUTOS = YES_AGGRESSIVE;
				GCC_WARN_UNUSED_FUNCTION = YES;
				GCC_WARN_UNUSED_VARIABLE = YES;
				IPHONEOS_DEPLOYMENT_TARGET = 15.5;
				MTL_ENABLE_DEBUG_INFO = NO;
				MTL_FAST_MATH = YES;
				SDKROOT = iphoneos;
				SWIFT_COMPILATION_MODE = wholemodule;
				SWIFT_OPTIMIZATION_LEVEL = "-O";
				VALIDATE_PRODUCT = YES;
			};
			name = Release;
		};
		BD19887D28A40E0C00D2E742 /* Debug */ = {
			isa = XCBuildConfiguration;
			buildSettings = {
				ASSETCATALOG_COMPILER_APPICON_NAME = AppIcon;
				ASSETCATALOG_COMPILER_GLOBAL_ACCENT_COLOR_NAME = AccentColor;
				CODE_SIGN_STYLE = Automatic;
				CURRENT_PROJECT_VERSION = 1;
				GENERATE_INFOPLIST_FILE = YES;
				INFOPLIST_FILE = introToSwift/Info.plist;
				INFOPLIST_KEY_UIApplicationSupportsIndirectInputEvents = YES;
				INFOPLIST_KEY_UILaunchStoryboardName = LaunchScreen;
				INFOPLIST_KEY_UIMainStoryboardFile = Main;
				INFOPLIST_KEY_UISupportedInterfaceOrientations_iPad = "UIInterfaceOrientationPortrait UIInterfaceOrientationPortraitUpsideDown UIInterfaceOrientationLandscapeLeft UIInterfaceOrientationLandscapeRight";
				INFOPLIST_KEY_UISupportedInterfaceOrientations_iPhone = "UIInterfaceOrientationPortrait UIInterfaceOrientationLandscapeLeft UIInterfaceOrientationLandscapeRight";
				LD_RUNPATH_SEARCH_PATHS = (
					"$(inherited)",
					"@executable_path/Frameworks",
				);
				MARKETING_VERSION = 1.0;
				PRODUCT_BUNDLE_IDENTIFIER = kwk.introToSwift;
				PRODUCT_NAME = "$(TARGET_NAME)";
				SWIFT_EMIT_LOC_STRINGS = YES;
				SWIFT_VERSION = 5.0;
				TARGETED_DEVICE_FAMILY = "1,2";
			};
			name = Debug;
		};
		BD19887E28A40E0C00D2E742 /* Release */ = {
			isa = XCBuildConfiguration;
			buildSettings = {
				ASSETCATALOG_COMPILER_APPICON_NAME = AppIcon;
				ASSETCATALOG_COMPILER_GLOBAL_ACCENT_COLOR_NAME = AccentColor;
				CODE_SIGN_STYLE = Automatic;
				CURRENT_PROJECT_VERSION = 1;
				GENERATE_INFOPLIST_FILE = YES;
				INFOPLIST_FILE = introToSwift/Info.plist;
				INFOPLIST_KEY_UIApplicationSupportsIndirectInputEvents = YES;
				INFOPLIST_KEY_UILaunchStoryboardName = LaunchScreen;
				INFOPLIST_KEY_UIMainStoryboardFile = Main;
				INFOPLIST_KEY_UISupportedInterfaceOrientations_iPad = "UIInterfaceOrientationPortrait UIInterfaceOrientationPortraitUpsideDown UIInterfaceOrientationLandscapeLeft UIInterfaceOrientationLandscapeRight";
				INFOPLIST_KEY_UISupportedInterfaceOrientations_iPhone = "UIInterfaceOrientationPortrait UIInterfaceOrientationLandscapeLeft UIInterfaceOrientationLandscapeRight";
				LD_RUNPATH_SEARCH_PATHS = (
					"$(inherited)",
					"@executable_path/Frameworks",
				);
				MARKETING_VERSION = 1.0;
				PRODUCT_BUNDLE_IDENTIFIER = kwk.introToSwift;
				PRODUCT_NAME = "$(TARGET_NAME)";
				SWIFT_EMIT_LOC_STRINGS = YES;
				SWIFT_VERSION = 5.0;
				TARGETED_DEVICE_FAMILY = "1,2";
			};
			name = Release;
		};
		BD19888028A40E0C00D2E742 /* Debug */ = {
			isa = XCBuildConfiguration;
			buildSettings = {
				ALWAYS_EMBED_SWIFT_STANDARD_LIBRARIES = YES;
				BUNDLE_LOADER = "$(TEST_HOST)";
				CODE_SIGN_STYLE = Automatic;
				CURRENT_PROJECT_VERSION = 1;
				GENERATE_INFOPLIST_FILE = YES;
				IPHONEOS_DEPLOYMENT_TARGET = 15.5;
				MARKETING_VERSION = 1.0;
				PRODUCT_BUNDLE_IDENTIFIER = kwk.introToSwiftTests;
				PRODUCT_NAME = "$(TARGET_NAME)";
				SWIFT_EMIT_LOC_STRINGS = NO;
				SWIFT_VERSION = 5.0;
				TARGETED_DEVICE_FAMILY = "1,2";
				TEST_HOST = "$(BUILT_PRODUCTS_DIR)/introToSwift.app/introToSwift";
			};
			name = Debug;
		};
		BD19888128A40E0C00D2E742 /* Release */ = {
			isa = XCBuildConfiguration;
			buildSettings = {
				ALWAYS_EMBED_SWIFT_STANDARD_LIBRARIES = YES;
				BUNDLE_LOADER = "$(TEST_HOST)";
				CODE_SIGN_STYLE = Automatic;
				CURRENT_PROJECT_VERSION = 1;
				GENERATE_INFOPLIST_FILE = YES;
				IPHONEOS_DEPLOYMENT_TARGET = 15.5;
				MARKETING_VERSION = 1.0;
				PRODUCT_BUNDLE_IDENTIFIER = kwk.introToSwiftTests;
				PRODUCT_NAME = "$(TARGET_NAME)";
				SWIFT_EMIT_LOC_STRINGS = NO;
				SWIFT_VERSION = 5.0;
				TARGETED_DEVICE_FAMILY = "1,2";
				TEST_HOST = "$(BUILT_PRODUCTS_DIR)/introToSwift.app/introToSwift";
			};
			name = Release;
		};
		BD19888328A40E0C00D2E742 /* Debug */ = {
			isa = XCBuildConfiguration;
			buildSettings = {
				ALWAYS_EMBED_SWIFT_STANDARD_LIBRARIES = YES;
				CODE_SIGN_STYLE = Automatic;
				CURRENT_PROJECT_VERSION = 1;
				GENERATE_INFOPLIST_FILE = YES;
				MARKETING_VERSION = 1.0;
				PRODUCT_BUNDLE_IDENTIFIER = kwk.introToSwiftUITests;
				PRODUCT_NAME = "$(TARGET_NAME)";
				SWIFT_EMIT_LOC_STRINGS = NO;
				SWIFT_VERSION = 5.0;
				TARGETED_DEVICE_FAMILY = "1,2";
				TEST_TARGET_NAME = introToSwift;
			};
			name = Debug;
		};
		BD19888428A40E0C00D2E742 /* Release */ = {
			isa = XCBuildConfiguration;
			buildSettings = {
				ALWAYS_EMBED_SWIFT_STANDARD_LIBRARIES = YES;
				CODE_SIGN_STYLE = Automatic;
				CURRENT_PROJECT_VERSION = 1;
				GENERATE_INFOPLIST_FILE = YES;
				MARKETING_VERSION = 1.0;
				PRODUCT_BUNDLE_IDENTIFIER = kwk.introToSwiftUITests;
				PRODUCT_NAME = "$(TARGET_NAME)";
				SWIFT_EMIT_LOC_STRINGS = NO;
				SWIFT_VERSION = 5.0;
				TARGETED_DEVICE_FAMILY = "1,2";
				TEST_TARGET_NAME = introToSwift;
			};
			name = Release;
		};
/* End XCBuildConfiguration section */

/* Begin XCConfigurationList section */
		BD19884D28A40E0900D2E742 /* Build configuration list for PBXProject "introToSwift" */ = {
			isa = XCConfigurationList;
			buildConfigurations = (
				BD19887A28A40E0C00D2E742 /* Debug */,
				BD19887B28A40E0C00D2E742 /* Release */,
			);
			defaultConfigurationIsVisible = 0;
			defaultConfigurationName = Release;
		};
		BD19887C28A40E0C00D2E742 /* Build configuration list for PBXNativeTarget "introToSwift" */ = {
			isa = XCConfigurationList;
			buildConfigurations = (
				BD19887D28A40E0C00D2E742 /* Debug */,
				BD19887E28A40E0C00D2E742 /* Release */,
			);
			defaultConfigurationIsVisible = 0;
			defaultConfigurationName = Release;
		};
		BD19887F28A40E0C00D2E742 /* Build configuration list for PBXNativeTarget "introToSwiftTests" */ = {
			isa = XCConfigurationList;
			buildConfigurations = (
				BD19888028A40E0C00D2E742 /* Debug */,
				BD19888128A40E0C00D2E742 /* Release */,
			);
			defaultConfigurationIsVisible = 0;
			defaultConfigurationName = Release;
		};
		BD19888228A40E0C00D2E742 /* Build configuration list for PBXNativeTarget "introToSwiftUITests" */ = {
			isa = XCConfigurationList;
			buildConfigurations = (
				BD19888328A40E0C00D2E742 /* Debug */,
				BD19888428A40E0C00D2E742 /* Release */,
			);
			defaultConfigurationIsVisible = 0;
			defaultConfigurationName = Release;
		};
/* End XCConfigurationList section */
	};
	rootObject = BD19884A28A40E0900D2E742 /* Project object */;
}
